// !$*UTF8*$!
{
	archiveVersion = 1;
	classes = {
	};
	objectVersion = 56;
	objects = {

/* Begin PBXAggregateTarget section */
		9BE7A4DD2E04661500AF7361 /* deployToLocal */ = {
			isa = PBXAggregateTarget;
			buildConfigurationList = 9BE7A4DE2E04661500AF7361 /* Build configuration list for PBXAggregateTarget "deployToLocal" */;
			buildPhases = (
				9BE7A4E32E04668100AF7361 /* ShellScript */,
			);
			dependencies = (
				9BE7A4E22E04662100AF7361 /* PBXTargetDependency */,
			);
			name = deployToLocal;
			productName = deployToLocal;
		};
/* End PBXAggregateTarget section */

/* Begin PBXBuildFile section */
		2369A0760EA64CA18E875A83 /* StreamBuffer.swift in Sources */ = {isa = PBXBuildFile; fileRef = B45302DE637A47119CC26C78 /* StreamBuffer.swift */; };
		2FA664AEECDE41298DD84A9E /* TriggerManager.swift in Sources */ = {isa = PBXBuildFile; fileRef = AF1783DB55484ACEBCF74A5F /* TriggerManager.swift */; };
		3D153861DB83474CB7A5CE30 /* ConfigWindow.swift in Sources */ = {isa = PBXBuildFile; fileRef = 15B044BD9B2D441BAF66FA8D /* ConfigWindow.swift */; };
		52E75974376A4A2C80038B26 /* ConfigManager.swift in Sources */ = {isa = PBXBuildFile; fileRef = 3F60848B2C5C4E76B8A270AB /* ConfigManager.swift */; };
		55ACA3925B5740A49F528A02 /* config/language-iso-639.json in Resources */ = {isa = PBXBuildFile; fileRef = ADA243CF57A742A49C392A18 /* config/language-iso-639.json */; };
		602693012E2CB9670046465E /* AppleScriptManager.swift in Sources */ = {isa = PBXBuildFile; fileRef = 602693002E2CB9660046465E /* AppleScriptManager.swift */; };
		602693052E2D1CE80046465E /* ContentProcessor.swift in Sources */ = {isa = PBXBuildFile; fileRef = 602693042E2D1CE80046465E /* ContentProcessor.swift */; };
		602693072E2D21520046465E /* InputManager.swift in Sources */ = {isa = PBXBuildFile; fileRef = 602693062E2D21520046465E /* InputManager.swift */; };
		602693092E2E09A50046465E /* SelectEventManager.swift in Sources */ = {isa = PBXBuildFile; fileRef = 602693082E2E09A50046465E /* SelectEventManager.swift */; };
		60366E782E40830C005AE609 /* GloteraLogoBar.swift in Sources */ = {isa = PBXBuildFile; fileRef = 60366E772E40830C005AE609 /* GloteraLogoBar.swift */; };
		60366E7E2E41F815005AE609 /* WeChatMessagesProcessor.swift in Sources */ = {isa = PBXBuildFile; fileRef = 60366E7B2E41F815005AE609 /* WeChatMessagesProcessor.swift */; };
		60366E7F2E41F815005AE609 /* WhatsAppMessagesProcessor.swift in Sources */ = {isa = PBXBuildFile; fileRef = 60366E7C2E41F815005AE609 /* WhatsAppMessagesProcessor.swift */; };
		60366E802E41F815005AE609 /* ChatMessagesProcessor.swift in Sources */ = {isa = PBXBuildFile; fileRef = 60366E792E41F815005AE609 /* ChatMessagesProcessor.swift */; };
		60366E812E41F815005AE609 /* ChatMessagesUtil.swift in Sources */ = {isa = PBXBuildFile; fileRef = 60366E7A2E41F815005AE609 /* ChatMessagesUtil.swift */; };
		603B83852E78259700C0F4D5 /* ScreenshotManager.swift in Sources */ = {isa = PBXBuildFile; fileRef = 603B83832E78259600C0F4D5 /* ScreenshotManager.swift */; };
		603B83862E78259700C0F4D5 /* ImageTranslationWindow.swift in Sources */ = {isa = PBXBuildFile; fileRef = 603B83822E78259600C0F4D5 /* ImageTranslationWindow.swift */; };
		603B83862E78259700C0F4D6 /* AudioTestWindow.swift in Sources */ = {isa = PBXBuildFile; fileRef = 603B83822E78259600C0F4D6 /* AudioTestWindow.swift */; };
		603B83872E78259700C0F4D5 /* ImageTranslationHistory.swift in Sources */ = {isa = PBXBuildFile; fileRef = 603B83812E78259600C0F4D5 /* ImageTranslationHistory.swift */; };
		603B83882E78259700C0F4D5 /* ScreenshotTranslationManager.swift in Sources */ = {isa = PBXBuildFile; fileRef = 603B83842E78259600C0F4D5 /* ScreenshotTranslationManager.swift */; };
		603B83892E78259700C0F4D5 /* HotkeyManager.swift in Sources */ = {isa = PBXBuildFile; fileRef = 603B83802E78259600C0F4D5 /* HotkeyManager.swift */; };
		608349332E16ACC2008EBB87 /* Sparkle in Frameworks */ = {isa = PBXBuildFile; productRef = 608349322E16ACC2008EBB87 /* Sparkle */; };
		608349432E18F981008EBB87 /* SimpleMemoryManager.swift in Sources */ = {isa = PBXBuildFile; fileRef = 608349422E18F981008EBB87 /* SimpleMemoryManager.swift */; };
		60B4B7912E0BA3D800A08883 /* UserManager.swift in Sources */ = {isa = PBXBuildFile; fileRef = 60B4B7902E0BA3D800A08883 /* UserManager.swift */; };
		60B4B7922E0BA3D800A08883 /* EnvironmentManager.swift in Sources */ = {isa = PBXBuildFile; fileRef = 60B4B78F2E0BA3D800A08883 /* EnvironmentManager.swift */; };
		60B4B7942E0BA3D800A08884 /* SessionManager.swift in Sources */ = {isa = PBXBuildFile; fileRef = 60B4B7932E0BA3D800A08884 /* SessionManager.swift */; };
		60B4B7952E0BA3D800A08885 /* DatabaseManager.swift in Sources */ = {isa = PBXBuildFile; fileRef = 60B4B7962E0BA3D800A08885 /* DatabaseManager.swift */; };
		699EE3F2FC6540FCA65332A7 /* JavaScriptManager.swift in Sources */ = {isa = PBXBuildFile; fileRef = 0DE8D9B3826C4050ACD8E820 /* JavaScriptManager.swift */; };
		98AA1C8369C74BEAA4D3EB3B /* PerformanceTelemetry.swift in Sources */ = {isa = PBXBuildFile; fileRef = FF66A75F38EB4DF48E1475C8 /* PerformanceTelemetry.swift */; };
		9BE4ED582E012FC5002AC2AE /* desktopTests.swift in Sources */ = {isa = PBXBuildFile; fileRef = 9BE4ED572E012FC5002AC2AE /* desktopTests.swift */; };
		9BE4ED622E012FC5002AC2AE /* desktopUITests.swift in Sources */ = {isa = PBXBuildFile; fileRef = 9BE4ED612E012FC5002AC2AE /* desktopUITests.swift */; };
		9BE4ED642E012FC5002AC2AE /* desktopUITestsLaunchTests.swift in Sources */ = {isa = PBXBuildFile; fileRef = 9BE4ED632E012FC5002AC2AE /* desktopUITestsLaunchTests.swift */; };
		9BE4ED7F2E012FF1002AC2AE /* SettingsView.swift in Sources */ = {isa = PBXBuildFile; fileRef = 9BE4ED712E012FF1002AC2AE /* SettingsView.swift */; };
		9BE4ED802E012FF1002AC2AE /* MenuBarController.swift in Sources */ = {isa = PBXBuildFile; fileRef = 9BE4ED722E012FF1002AC2AE /* MenuBarController.swift */; };
		9BE4ED812E012FF1002AC2AE /* InputMonitor.swift in Sources */ = {isa = PBXBuildFile; fileRef = 9BE4ED732E012FF1002AC2AE /* InputMonitor.swift */; };
		9BE4ED822E012FF1002AC2AE /* TranslationMenuWindow.swift in Sources */ = {isa = PBXBuildFile; fileRef = 9BE4ED742E012FF1002AC2AE /* TranslationMenuWindow.swift */; };
		9BE4ED832E012FF1002AC2AE /* TranslationStatusWindow.swift in Sources */ = {isa = PBXBuildFile; fileRef = 9BE4ED752E012FF1002AC2AE /* TranslationStatusWindow.swift */; };
		9BE4ED842E012FF1002AC2AE /* Assets.xcassets in Resources */ = {isa = PBXBuildFile; fileRef = 9BE4ED762E012FF1002AC2AE /* Assets.xcassets */; };
		9BE4ED852E012FF1002AC2AE /* TranslationResultWindow.swift in Sources */ = {isa = PBXBuildFile; fileRef = 9BE4ED772E012FF1002AC2AE /* TranslationResultWindow.swift */; };
		9BE4ED862E012FF1002AC2AE /* AXController.swift in Sources */ = {isa = PBXBuildFile; fileRef = 9BE4ED782E012FF1002AC2AE /* AXController.swift */; };
		9BE4ED872E012FF1002AC2AE /* AppDelegate.swift in Sources */ = {isa = PBXBuildFile; fileRef = 9BE4ED7A2E012FF1002AC2AE /* AppDelegate.swift */; };
		9BE4ED882E012FF1002AC2AE /* TranslatorClient.swift in Sources */ = {isa = PBXBuildFile; fileRef = 9BE4ED7B2E012FF1002AC2AE /* TranslatorClient.swift */; };
		9BE4ED892E012FF1002AC2AE /* Info.plist in Resources */ = {isa = PBXBuildFile; fileRef = 9BE4ED7C2E012FF1002AC2AE /* Info.plist */; };
		9BE4ED8A2E012FF1002AC2AE /* TranslateAgent.swift in Sources */ = {isa = PBXBuildFile; fileRef = 9BE4ED7D2E012FF1002AC2AE /* TranslateAgent.swift */; };
		9BE4ED902E012FF1002AC2AE /* UpdateManager.swift in Sources */ = {isa = PBXBuildFile; fileRef = 9BE4ED8F2E012FF1002AC2AE /* UpdateManager.swift */; };
		A1B2C3D4E5F678901234567A /* Logger.swift in Sources */ = {isa = PBXBuildFile; fileRef = B2C3D4E5F6789012345678AB /* Logger.swift */; };
		APP1D3T3CT10N4M4N4G3R1 /* AppDetectionManager.swift in Sources */ = {isa = PBXBuildFile; fileRef = APP1D3T3CT10N4M4N4G3R /* AppDetectionManager.swift */; };
		C3D4E5F67890123456789ABC /* LoggerExample.swift in Sources */ = {isa = PBXBuildFile; fileRef = D4E5F67890123456789ABCDE /* LoggerExample.swift */; };
		CH4TTR4NSL4T10NM4N4G3R789 /* ChatTranslationManager.swift in Sources */ = {isa = PBXBuildFile; fileRef = CH4TTR4NSL4T10NM4N4G3R012 /* ChatTranslationManager.swift */; };
		CH4TTR4NSL4T10NW1ND0W123 /* ChatTranslationWindow.swift in Sources */ = {isa = PBXBuildFile; fileRef = CH4TTR4NSL4T10NW1ND0W456 /* ChatTranslationWindow.swift */; };
		DE5KT0P5QL987654321ABCDE /* config/desktop.sql in Resources */ = {isa = PBXBuildFile; fileRef = DE5KT0P5QL123456789ABCDE /* config/desktop.sql */; };
		QU0T4L1M1TS567890123456 /* QuotaLimits.swift in Sources */ = {isa = PBXBuildFile; fileRef = QU0T4L1M1TS123456789ABCD /* QuotaLimits.swift */; };
		QU0TA5AL3RT4W1ND0W567890 /* QuotaAlertWindow.swift in Sources */ = {isa = PBXBuildFile; fileRef = QU0TA5AL3RT4W1ND0W123456 /* QuotaAlertWindow.swift */; };
		ed2bfef479fe4bcc89443344 /* ErrorNotificationManager.swift in Sources */ = {isa = PBXBuildFile; fileRef = cc719fd545984ccaac0b1c82 /* ErrorNotificationManager.swift */; };
		2DABC6BBFA8543479CCAF5CA /* PermissionManager.swift in Sources */ = {isa = PBXBuildFile; fileRef = 2DABC6BBFA8543479CCAF5CB /* PermissionManager.swift */; };
/* End PBXBuildFile section */

/* Begin PBXContainerItemProxy section */
		9BE4ED542E012FC5002AC2AE /* PBXContainerItemProxy */ = {
			isa = PBXContainerItemProxy;
			containerPortal = 9BE4ED3A2E012FC2002AC2AE /* Project object */;
			proxyType = 1;
			remoteGlobalIDString = 9BE4ED412E012FC2002AC2AE;
			remoteInfo = desktop;
		};
		9BE4ED5E2E012FC5002AC2AE /* PBXContainerItemProxy */ = {
			isa = PBXContainerItemProxy;
			containerPortal = 9BE4ED3A2E012FC2002AC2AE /* Project object */;
			proxyType = 1;
			remoteGlobalIDString = 9BE4ED412E012FC2002AC2AE;
			remoteInfo = desktop;
		};
		9BE7A4E12E04662100AF7361 /* PBXContainerItemProxy */ = {
			isa = PBXContainerItemProxy;
			containerPortal = 9BE4ED3A2E012FC2002AC2AE /* Project object */;
			proxyType = 1;
			remoteGlobalIDString = 9BE4ED412E012FC2002AC2AE;
			remoteInfo = desktop;
		};
/* End PBXContainerItemProxy section */

/* Begin PBXFileReference section */
		0DE8D9B3826C4050ACD8E820 /* JavaScriptManager.swift */ = {isa = PBXFileReference; fileEncoding = 4; lastKnownFileType = sourcecode.swift; path = JavaScriptManager.swift; sourceTree = "<group>"; };
		15B044BD9B2D441BAF66FA8D /* ConfigWindow.swift */ = {isa = PBXFileReference; fileEncoding = 4; lastKnownFileType = sourcecode.swift; path = ConfigWindow.swift; sourceTree = "<group>"; };
		3F60848B2C5C4E76B8A270AB /* ConfigManager.swift */ = {isa = PBXFileReference; fileEncoding = 4; lastKnownFileType = sourcecode.swift; path = ConfigManager.swift; sourceTree = "<group>"; };
		602693002E2CB9660046465E /* AppleScriptManager.swift */ = {isa = PBXFileReference; lastKnownFileType = sourcecode.swift; path = AppleScriptManager.swift; sourceTree = "<group>"; };
		602693042E2D1CE80046465E /* ContentProcessor.swift */ = {isa = PBXFileReference; lastKnownFileType = sourcecode.swift; path = ContentProcessor.swift; sourceTree = "<group>"; };
		602693062E2D21520046465E /* InputManager.swift */ = {isa = PBXFileReference; lastKnownFileType = sourcecode.swift; path = InputManager.swift; sourceTree = "<group>"; };
		602693082E2E09A50046465E /* SelectEventManager.swift */ = {isa = PBXFileReference; lastKnownFileType = sourcecode.swift; path = SelectEventManager.swift; sourceTree = "<group>"; };
		60366E772E40830C005AE609 /* GloteraLogoBar.swift */ = {isa = PBXFileReference; lastKnownFileType = sourcecode.swift; path = GloteraLogoBar.swift; sourceTree = "<group>"; };
		60366E792E41F815005AE609 /* ChatMessagesProcessor.swift */ = {isa = PBXFileReference; lastKnownFileType = sourcecode.swift; path = ChatMessagesProcessor.swift; sourceTree = "<group>"; };
		60366E7A2E41F815005AE609 /* ChatMessagesUtil.swift */ = {isa = PBXFileReference; lastKnownFileType = sourcecode.swift; path = ChatMessagesUtil.swift; sourceTree = "<group>"; };
		60366E7B2E41F815005AE609 /* WeChatMessagesProcessor.swift */ = {isa = PBXFileReference; lastKnownFileType = sourcecode.swift; path = WeChatMessagesProcessor.swift; sourceTree = "<group>"; };
		60366E7C2E41F815005AE609 /* WhatsAppMessagesProcessor.swift */ = {isa = PBXFileReference; lastKnownFileType = sourcecode.swift; path = WhatsAppMessagesProcessor.swift; sourceTree = "<group>"; };
		603B83802E78259600C0F4D5 /* HotkeyManager.swift */ = {isa = PBXFileReference; lastKnownFileType = sourcecode.swift; path = HotkeyManager.swift; sourceTree = "<group>"; };
		603B83812E78259600C0F4D5 /* ImageTranslationHistory.swift */ = {isa = PBXFileReference; lastKnownFileType = sourcecode.swift; path = ImageTranslationHistory.swift; sourceTree = "<group>"; };
		603B83822E78259600C0F4D5 /* ImageTranslationWindow.swift */ = {isa = PBXFileReference; lastKnownFileType = sourcecode.swift; path = ImageTranslationWindow.swift; sourceTree = "<group>"; };
		603B83822E78259600C0F4D6 /* AudioTestWindow.swift */ = {isa = PBXFileReference; lastKnownFileType = sourcecode.swift; path = AudioTestWindow.swift; sourceTree = "<group>"; };
		603B83832E78259600C0F4D5 /* ScreenshotManager.swift */ = {isa = PBXFileReference; lastKnownFileType = sourcecode.swift; path = ScreenshotManager.swift; sourceTree = "<group>"; };
		603B83842E78259600C0F4D5 /* ScreenshotTranslationManager.swift */ = {isa = PBXFileReference; lastKnownFileType = sourcecode.swift; path = ScreenshotTranslationManager.swift; sourceTree = "<group>"; };
		608349422E18F981008EBB87 /* SimpleMemoryManager.swift */ = {isa = PBXFileReference; lastKnownFileType = sourcecode.swift; path = SimpleMemoryManager.swift; sourceTree = "<group>"; };
		60B4B78F2E0BA3D800A08883 /* EnvironmentManager.swift */ = {isa = PBXFileReference; lastKnownFileType = sourcecode.swift; path = EnvironmentManager.swift; sourceTree = "<group>"; };
		60B4B7902E0BA3D800A08883 /* UserManager.swift */ = {isa = PBXFileReference; lastKnownFileType = sourcecode.swift; path = UserManager.swift; sourceTree = "<group>"; };
		60B4B7932E0BA3D800A08884 /* SessionManager.swift */ = {isa = PBXFileReference; lastKnownFileType = sourcecode.swift; path = SessionManager.swift; sourceTree = "<group>"; };
		60B4B7962E0BA3D800A08885 /* DatabaseManager.swift */ = {isa = PBXFileReference; lastKnownFileType = sourcecode.swift; path = DatabaseManager.swift; sourceTree = "<group>"; };
		9BE4ED422E012FC2002AC2AE /* Glotera.app */ = {isa = PBXFileReference; explicitFileType = wrapper.application; includeInIndex = 0; path = Glotera.app; sourceTree = BUILT_PRODUCTS_DIR; };
		9BE4ED532E012FC5002AC2AE /* desktopTests.xctest */ = {isa = PBXFileReference; explicitFileType = wrapper.cfbundle; includeInIndex = 0; path = desktopTests.xctest; sourceTree = BUILT_PRODUCTS_DIR; };
		9BE4ED572E012FC5002AC2AE /* desktopTests.swift */ = {isa = PBXFileReference; lastKnownFileType = sourcecode.swift; path = desktopTests.swift; sourceTree = "<group>"; };
		9BE4ED5D2E012FC5002AC2AE /* desktopUITests.xctest */ = {isa = PBXFileReference; explicitFileType = wrapper.cfbundle; includeInIndex = 0; path = desktopUITests.xctest; sourceTree = BUILT_PRODUCTS_DIR; };
		9BE4ED612E012FC5002AC2AE /* desktopUITests.swift */ = {isa = PBXFileReference; lastKnownFileType = sourcecode.swift; path = desktopUITests.swift; sourceTree = "<group>"; };
		9BE4ED632E012FC5002AC2AE /* desktopUITestsLaunchTests.swift */ = {isa = PBXFileReference; lastKnownFileType = sourcecode.swift; path = desktopUITestsLaunchTests.swift; sourceTree = "<group>"; };
		9BE4ED712E012FF1002AC2AE /* SettingsView.swift */ = {isa = PBXFileReference; fileEncoding = 4; lastKnownFileType = sourcecode.swift; path = SettingsView.swift; sourceTree = "<group>"; };
		9BE4ED722E012FF1002AC2AE /* MenuBarController.swift */ = {isa = PBXFileReference; fileEncoding = 4; lastKnownFileType = sourcecode.swift; path = MenuBarController.swift; sourceTree = "<group>"; };
		9BE4ED732E012FF1002AC2AE /* InputMonitor.swift */ = {isa = PBXFileReference; fileEncoding = 4; lastKnownFileType = sourcecode.swift; path = InputMonitor.swift; sourceTree = "<group>"; };
		9BE4ED742E012FF1002AC2AE /* TranslationMenuWindow.swift */ = {isa = PBXFileReference; fileEncoding = 4; lastKnownFileType = sourcecode.swift; path = TranslationMenuWindow.swift; sourceTree = "<group>"; };
		9BE4ED752E012FF1002AC2AE /* TranslationStatusWindow.swift */ = {isa = PBXFileReference; fileEncoding = 4; lastKnownFileType = sourcecode.swift; path = TranslationStatusWindow.swift; sourceTree = "<group>"; };
		9BE4ED762E012FF1002AC2AE /* Assets.xcassets */ = {isa = PBXFileReference; lastKnownFileType = folder.assetcatalog; path = Assets.xcassets; sourceTree = "<group>"; };
		9BE4ED772E012FF1002AC2AE /* TranslationResultWindow.swift */ = {isa = PBXFileReference; fileEncoding = 4; lastKnownFileType = sourcecode.swift; path = TranslationResultWindow.swift; sourceTree = "<group>"; };
		9BE4ED782E012FF1002AC2AE /* AXController.swift */ = {isa = PBXFileReference; fileEncoding = 4; lastKnownFileType = sourcecode.swift; path = AXController.swift; sourceTree = "<group>"; };
		9BE4ED792E012FF1002AC2AE /* desktop.entitlements */ = {isa = PBXFileReference; fileEncoding = 4; lastKnownFileType = text.plist.entitlements; path = desktop.entitlements; sourceTree = "<group>"; };
		9BE4ED7A2E012FF1002AC2AE /* AppDelegate.swift */ = {isa = PBXFileReference; fileEncoding = 4; lastKnownFileType = sourcecode.swift; path = AppDelegate.swift; sourceTree = "<group>"; };
		9BE4ED7B2E012FF1002AC2AE /* TranslatorClient.swift */ = {isa = PBXFileReference; fileEncoding = 4; lastKnownFileType = sourcecode.swift; path = TranslatorClient.swift; sourceTree = "<group>"; };
		9BE4ED7C2E012FF1002AC2AE /* Info.plist */ = {isa = PBXFileReference; fileEncoding = 4; lastKnownFileType = text.plist.xml; path = Info.plist; sourceTree = "<group>"; };
		9BE4ED7D2E012FF1002AC2AE /* TranslateAgent.swift */ = {isa = PBXFileReference; fileEncoding = 4; lastKnownFileType = sourcecode.swift; path = TranslateAgent.swift; sourceTree = "<group>"; };
		9BE4ED8F2E012FF1002AC2AE /* UpdateManager.swift */ = {isa = PBXFileReference; fileEncoding = 4; lastKnownFileType = sourcecode.swift; path = UpdateManager.swift; sourceTree = "<group>"; };
		ADA243CF57A742A49C392A18 /* config/language-iso-639.json */ = {isa = PBXFileReference; fileEncoding = 4; lastKnownFileType = text.json; path = "config/language-iso-639.json"; sourceTree = "<group>"; };
		AF1783DB55484ACEBCF74A5F /* TriggerManager.swift */ = {isa = PBXFileReference; fileEncoding = 4; lastKnownFileType = sourcecode.swift; path = TriggerManager.swift; sourceTree = "<group>"; };
		APP1D3T3CT10N4M4N4G3R /* AppDetectionManager.swift */ = {isa = PBXFileReference; fileEncoding = 4; lastKnownFileType = sourcecode.swift; path = AppDetectionManager.swift; sourceTree = "<group>"; };
		B2C3D4E5F6789012345678AB /* Logger.swift */ = {isa = PBXFileReference; fileEncoding = 4; lastKnownFileType = sourcecode.swift; path = Logger.swift; sourceTree = "<group>"; };
		B45302DE637A47119CC26C78 /* StreamBuffer.swift */ = {isa = PBXFileReference; fileEncoding = 4; lastKnownFileType = sourcecode.swift; path = StreamBuffer.swift; sourceTree = "<group>"; };
		CH4TTR4NSL4T10NM4N4G3R012 /* ChatTranslationManager.swift */ = {isa = PBXFileReference; fileEncoding = 4; lastKnownFileType = sourcecode.swift; path = ChatTranslationManager.swift; sourceTree = "<group>"; };
		CH4TTR4NSL4T10NW1ND0W456 /* ChatTranslationWindow.swift */ = {isa = PBXFileReference; fileEncoding = 4; lastKnownFileType = sourcecode.swift; path = ChatTranslationWindow.swift; sourceTree = "<group>"; };
		D4E5F67890123456789ABCDE /* LoggerExample.swift */ = {isa = PBXFileReference; fileEncoding = 4; lastKnownFileType = sourcecode.swift; path = LoggerExample.swift; sourceTree = "<group>"; };
		DE5KT0P5QL123456789ABCDE /* config/desktop.sql */ = {isa = PBXFileReference; fileEncoding = 4; lastKnownFileType = text; path = config/desktop.sql; sourceTree = "<group>"; };
		FF66A75F38EB4DF48E1475C8 /* PerformanceTelemetry.swift */ = {isa = PBXFileReference; fileEncoding = 4; lastKnownFileType = sourcecode.swift; path = PerformanceTelemetry.swift; sourceTree = "<group>"; };
		QU0T4L1M1TS123456789ABCD /* QuotaLimits.swift */ = {isa = PBXFileReference; fileEncoding = 4; lastKnownFileType = sourcecode.swift; path = QuotaLimits.swift; sourceTree = "<group>"; };
		QU0TA5AL3RT4W1ND0W123456 /* QuotaAlertWindow.swift */ = {isa = PBXFileReference; fileEncoding = 4; lastKnownFileType = sourcecode.swift; path = QuotaAlertWindow.swift; sourceTree = "<group>"; };
		cc719fd545984ccaac0b1c82 /* ErrorNotificationManager.swift */ = {isa = PBXFileReference; fileEncoding = 4; lastKnownFileType = sourcecode.swift; path = ErrorNotificationManager.swift; sourceTree = "<group>"; };
		2DABC6BBFA8543479CCAF5CB /* PermissionManager.swift */ = {isa = PBXFileReference; fileEncoding = 4; lastKnownFileType = sourcecode.swift; path = PermissionManager.swift; sourceTree = "<group>"; };
/* End PBXFileReference section */

/* Begin PBXFrameworksBuildPhase section */
		9BE4ED3F2E012FC2002AC2AE /* Frameworks */ = {
			isa = PBXFrameworksBuildPhase;
			buildActionMask = 2147483647;
			files = (
				608349332E16ACC2008EBB87 /* Sparkle in Frameworks */,
			);
			runOnlyForDeploymentPostprocessing = 0;
		};
		9BE4ED502E012FC5002AC2AE /* Frameworks */ = {
			isa = PBXFrameworksBuildPhase;
			buildActionMask = 2147483647;
			files = (
			);
			runOnlyForDeploymentPostprocessing = 0;
		};
		9BE4ED5A2E012FC5002AC2AE /* Frameworks */ = {
			isa = PBXFrameworksBuildPhase;
			buildActionMask = 2147483647;
			files = (
			);
			runOnlyForDeploymentPostprocessing = 0;
		};
/* End PBXFrameworksBuildPhase section */

/* Begin PBXGroup section */
		60366E7D2E41F815005AE609 /* chat */ = {
			isa = PBXGroup;
			children = (
				60366E792E41F815005AE609 /* ChatMessagesProcessor.swift */,
				60366E7A2E41F815005AE609 /* ChatMessagesUtil.swift */,
				60366E7B2E41F815005AE609 /* WeChatMessagesProcessor.swift */,
				60366E7C2E41F815005AE609 /* WhatsAppMessagesProcessor.swift */,
			);
			path = chat;
			sourceTree = "<group>";
		};
		608349312E16ACC2008EBB87 /* Frameworks */ = {
			isa = PBXGroup;
			children = (
			);
			name = Frameworks;
			sourceTree = "<group>";
		};
		9BE4ED392E012FC2002AC2AE = {
			isa = PBXGroup;
			children = (
				9BE4ED702E012FF1002AC2AE /* desktop */,
				9BE4ED562E012FC5002AC2AE /* desktopTests */,
				9BE4ED602E012FC5002AC2AE /* desktopUITests */,
				608349312E16ACC2008EBB87 /* Frameworks */,
				9BE4ED432E012FC2002AC2AE /* Products */,
			);
			sourceTree = "<group>";
		};
		9BE4ED432E012FC2002AC2AE /* Products */ = {
			isa = PBXGroup;
			children = (
				9BE4ED422E012FC2002AC2AE /* Glotera.app */,
				9BE4ED532E012FC5002AC2AE /* desktopTests.xctest */,
				9BE4ED5D2E012FC5002AC2AE /* desktopUITests.xctest */,
			);
			name = Products;
			sourceTree = "<group>";
		};
		9BE4ED562E012FC5002AC2AE /* desktopTests */ = {
			isa = PBXGroup;
			children = (
				9BE4ED572E012FC5002AC2AE /* desktopTests.swift */,
			);
			path = desktopTests;
			sourceTree = "<group>";
		};
		9BE4ED602E012FC5002AC2AE /* desktopUITests */ = {
			isa = PBXGroup;
			children = (
				9BE4ED612E012FC5002AC2AE /* desktopUITests.swift */,
				9BE4ED632E012FC5002AC2AE /* desktopUITestsLaunchTests.swift */,
			);
			path = desktopUITests;
			sourceTree = "<group>";
		};
		9BE4ED702E012FF1002AC2AE /* desktop */ = {
			isa = PBXGroup;
			children = (
				603B83802E78259600C0F4D5 /* HotkeyManager.swift */,
				603B83812E78259600C0F4D5 /* ImageTranslationHistory.swift */,
				603B83822E78259600C0F4D5 /* ImageTranslationWindow.swift */,
				603B83822E78259600C0F4D6 /* AudioTestWindow.swift */,
				603B83832E78259600C0F4D5 /* ScreenshotManager.swift */,
				603B83842E78259600C0F4D5 /* ScreenshotTranslationManager.swift */,
				60366E7D2E41F815005AE609 /* chat */,
				60366E772E40830C005AE609 /* GloteraLogoBar.swift */,
				602693082E2E09A50046465E /* SelectEventManager.swift */,
				602693062E2D21520046465E /* InputManager.swift */,
				602693042E2D1CE80046465E /* ContentProcessor.swift */,
				602693002E2CB9660046465E /* AppleScriptManager.swift */,
				608349422E18F981008EBB87 /* SimpleMemoryManager.swift */,
				60B4B78F2E0BA3D800A08883 /* EnvironmentManager.swift */,
				60B4B7932E0BA3D800A08884 /* SessionManager.swift */,
				60B4B7962E0BA3D800A08885 /* DatabaseManager.swift */,
				60B4B7902E0BA3D800A08883 /* UserManager.swift */,
				9BE4ED7A2E012FF1002AC2AE /* AppDelegate.swift */,
				9BE4ED762E012FF1002AC2AE /* Assets.xcassets */,
				9BE4ED782E012FF1002AC2AE /* AXController.swift */,
				APP1D3T3CT10N4M4N4G3R /* AppDetectionManager.swift */,
				9BE4ED792E012FF1002AC2AE /* desktop.entitlements */,
				9BE4ED7C2E012FF1002AC2AE /* Info.plist */,
				9BE4ED732E012FF1002AC2AE /* InputMonitor.swift */,
				3F60848B2C5C4E76B8A270AB /* ConfigManager.swift */,
				15B044BD9B2D441BAF66FA8D /* ConfigWindow.swift */,
				ADA243CF57A742A49C392A18 /* config/language-iso-639.json */,
				DE5KT0P5QL123456789ABCDE /* config/desktop.sql */,
				B2C3D4E5F6789012345678AB /* Logger.swift */,
				D4E5F67890123456789ABCDE /* LoggerExample.swift */,
				9BE4ED722E012FF1002AC2AE /* MenuBarController.swift */,
				2DABC6BBFA8543479CCAF5CB /* PermissionManager.swift */,
				QU0TA5AL3RT4W1ND0W123456 /* QuotaAlertWindow.swift */,
				QU0T4L1M1TS123456789ABCD /* QuotaLimits.swift */,
				9BE4ED712E012FF1002AC2AE /* SettingsView.swift */,
				9BE4ED7D2E012FF1002AC2AE /* TranslateAgent.swift */,
				9BE4ED742E012FF1002AC2AE /* TranslationMenuWindow.swift */,
				9BE4ED772E012FF1002AC2AE /* TranslationResultWindow.swift */,
				9BE4ED752E012FF1002AC2AE /* TranslationStatusWindow.swift */,
				9BE4ED7B2E012FF1002AC2AE /* TranslatorClient.swift */,
				AF1783DB55484ACEBCF74A5F /* TriggerManager.swift */,
				0DE8D9B3826C4050ACD8E820 /* JavaScriptManager.swift */,
				B45302DE637A47119CC26C78 /* StreamBuffer.swift */,
				FF66A75F38EB4DF48E1475C8 /* PerformanceTelemetry.swift */,
				cc719fd545984ccaac0b1c82 /* ErrorNotificationManager.swift */,
				9BE4ED8F2E012FF1002AC2AE /* UpdateManager.swift */,
				CH4TTR4NSL4T10NW1ND0W456 /* ChatTranslationWindow.swift */,
				CH4TTR4NSL4T10NM4N4G3R012 /* ChatTranslationManager.swift */,
			);
			path = desktop;
			sourceTree = "<group>";
		};
/* End PBXGroup section */

/* Begin PBXNativeTarget section */
		9BE4ED412E012FC2002AC2AE /* desktop */ = {
			isa = PBXNativeTarget;
			buildConfigurationList = 9BE4ED672E012FC5002AC2AE /* Build configuration list for PBXNativeTarget "desktop" */;
			buildPhases = (
				9BE4ED3E2E012FC2002AC2AE /* Sources */,
				9BE4ED3F2E012FC2002AC2AE /* Frameworks */,
				9BE4ED402E012FC2002AC2AE /* Resources */,
			);
			buildRules = (
			);
			dependencies = (
			);
			name = desktop;
			productName = desktop;
			productReference = 9BE4ED422E012FC2002AC2AE /* Glotera.app */;
			productType = "com.apple.product-type.application";
		};
		9BE4ED522E012FC5002AC2AE /* desktopTests */ = {
			isa = PBXNativeTarget;
			buildConfigurationList = 9BE4ED6A2E012FC5002AC2AE /* Build configuration list for PBXNativeTarget "desktopTests" */;
			buildPhases = (
				9BE4ED4F2E012FC5002AC2AE /* Sources */,
				9BE4ED502E012FC5002AC2AE /* Frameworks */,
				9BE4ED512E012FC5002AC2AE /* Resources */,
			);
			buildRules = (
			);
			dependencies = (
				9BE4ED552E012FC5002AC2AE /* PBXTargetDependency */,
			);
			name = desktopTests;
			productName = desktopTests;
			productReference = 9BE4ED532E012FC5002AC2AE /* desktopTests.xctest */;
			productType = "com.apple.product-type.bundle.unit-test";
		};
		9BE4ED5C2E012FC5002AC2AE /* desktopUITests */ = {
			isa = PBXNativeTarget;
			buildConfigurationList = 9BE4ED6D2E012FC5002AC2AE /* Build configuration list for PBXNativeTarget "desktopUITests" */;
			buildPhases = (
				9BE4ED592E012FC5002AC2AE /* Sources */,
				9BE4ED5A2E012FC5002AC2AE /* Frameworks */,
				9BE4ED5B2E012FC5002AC2AE /* Resources */,
			);
			buildRules = (
			);
			dependencies = (
				9BE4ED5F2E012FC5002AC2AE /* PBXTargetDependency */,
			);
			name = desktopUITests;
			productName = desktopUITests;
			productReference = 9BE4ED5D2E012FC5002AC2AE /* desktopUITests.xctest */;
			productType = "com.apple.product-type.bundle.ui-testing";
		};
/* End PBXNativeTarget section */

/* Begin PBXProject section */
		9BE4ED3A2E012FC2002AC2AE /* Project object */ = {
			isa = PBXProject;
			attributes = {
				BuildIndependentTargetsInParallel = 1;
				LastSwiftUpdateCheck = 1520;
				LastUpgradeCheck = 1520;
				TargetAttributes = {
					9BE4ED412E012FC2002AC2AE = {
						CreatedOnToolsVersion = 15.2;
					};
					9BE4ED522E012FC5002AC2AE = {
						CreatedOnToolsVersion = 15.2;
						TestTargetID = 9BE4ED412E012FC2002AC2AE;
					};
					9BE4ED5C2E012FC5002AC2AE = {
						CreatedOnToolsVersion = 15.2;
						TestTargetID = 9BE4ED412E012FC2002AC2AE;
					};
					9BE7A4DD2E04661500AF7361 = {
						CreatedOnToolsVersion = 15.2;
					};
				};
			};
			buildConfigurationList = 9BE4ED3D2E012FC2002AC2AE /* Build configuration list for PBXProject "desktop" */;
			compatibilityVersion = "Xcode 14.0";
			developmentRegion = en;
			hasScannedForEncodings = 0;
			knownRegions = (
				en,
				Base,
			);
			mainGroup = 9BE4ED392E012FC2002AC2AE;
			packageReferences = (
				60B4B7962E16741300A08883 /* XCRemoteSwiftPackageReference "Sparkle" */,
			);
			productRefGroup = 9BE4ED432E012FC2002AC2AE /* Products */;
			projectDirPath = "";
			projectRoot = "";
			targets = (
				9BE4ED412E012FC2002AC2AE /* desktop */,
				9BE4ED522E012FC5002AC2AE /* desktopTests */,
				9BE4ED5C2E012FC5002AC2AE /* desktopUITests */,
				9BE7A4DD2E04661500AF7361 /* deployToLocal */,
			);
		};
/* End PBXProject section */

/* Begin PBXResourcesBuildPhase section */
		9BE4ED402E012FC2002AC2AE /* Resources */ = {
			isa = PBXResourcesBuildPhase;
			buildActionMask = 2147483647;
			files = (
				9BE4ED892E012FF1002AC2AE /* Info.plist in Resources */,
				9BE4ED842E012FF1002AC2AE /* Assets.xcassets in Resources */,
				55ACA3925B5740A49F528A02 /* config/language-iso-639.json in Resources */,
				DE5KT0P5QL987654321ABCDE /* config/desktop.sql in Resources */,
			);
			runOnlyForDeploymentPostprocessing = 0;
		};
		9BE4ED512E012FC5002AC2AE /* Resources */ = {
			isa = PBXResourcesBuildPhase;
			buildActionMask = 2147483647;
			files = (
			);
			runOnlyForDeploymentPostprocessing = 0;
		};
		9BE4ED5B2E012FC5002AC2AE /* Resources */ = {
			isa = PBXResourcesBuildPhase;
			buildActionMask = 2147483647;
			files = (
			);
			runOnlyForDeploymentPostprocessing = 0;
		};
/* End PBXResourcesBuildPhase section */

/* Begin PBXShellScriptBuildPhase section */
		9BE7A4E32E04668100AF7361 /* ShellScript */ = {
			isa = PBXShellScriptBuildPhase;
			buildActionMask = 2147483647;
			files = (
			);
			inputFileListPaths = (
			);
			inputPaths = (
			);
			outputFileListPaths = (
			);
			outputPaths = (
			);
			runOnlyForDeploymentPostprocessing = 0;
			shellPath = /bin/sh;
			shellScript = "\nDEMO_NAME=Glotera\n\n\nLOCAL_DIR=/Applications/\n\n\nCONFIGURATION_BUILD_Demo=${CONFIGURATION_BUILD_DIR}/${DEMO_NAME}.app\n\necho \"rm -rf ${LOCAL_DIR}/${DEMO_NAME}.app\"\nrm -rf ${LOCAL_DIR}/${DEMO_NAME}.app\n\necho \"cp -R  ${CONFIGURATION_BUILD_Demo} ${LOCAL_DIR}\"\ncp -R  ${CONFIGURATION_BUILD_Demo} ${LOCAL_DIR}\n\n\n\n";
		};
/* End PBXShellScriptBuildPhase section */

/* Begin PBXSourcesBuildPhase section */
		9BE4ED3E2E012FC2002AC2AE /* Sources */ = {
			isa = PBXSourcesBuildPhase;
			buildActionMask = 2147483647;
			files = (
				9BE4ED872E012FF1002AC2AE /* AppDelegate.swift in Sources */,
				APP1D3T3CT10N4M4N4G3R1 /* AppDetectionManager.swift in Sources */,
				52E75974376A4A2C80038B26 /* ConfigManager.swift in Sources */,
				3D153861DB83474CB7A5CE30 /* ConfigWindow.swift in Sources */,
				A1B2C3D4E5F678901234567A /* Logger.swift in Sources */,
				602693012E2CB9670046465E /* AppleScriptManager.swift in Sources */,
				603B83852E78259700C0F4D5 /* ScreenshotManager.swift in Sources */,
				603B83862E78259700C0F4D5 /* ImageTranslationWindow.swift in Sources */,
				603B83862E78259700C0F4D6 /* AudioTestWindow.swift in Sources */,
				603B83872E78259700C0F4D5 /* ImageTranslationHistory.swift in Sources */,
				603B83882E78259700C0F4D5 /* ScreenshotTranslationManager.swift in Sources */,
				603B83892E78259700C0F4D5 /* HotkeyManager.swift in Sources */,
				C3D4E5F67890123456789ABC /* LoggerExample.swift in Sources */,
				9BE4ED802E012FF1002AC2AE /* MenuBarController.swift in Sources */,
				2DABC6BBFA8543479CCAF5CA /* PermissionManager.swift in Sources */,
				QU0TA5AL3RT4W1ND0W567890 /* QuotaAlertWindow.swift in Sources */,
				QU0T4L1M1TS567890123456 /* QuotaLimits.swift in Sources */,
				9BE4ED7F2E012FF1002AC2AE /* SettingsView.swift in Sources */,
				602693052E2D1CE80046465E /* ContentProcessor.swift in Sources */,
				9BE4ED852E012FF1002AC2AE /* TranslationResultWindow.swift in Sources */,
				602693072E2D21520046465E /* InputManager.swift in Sources */,
				9BE4ED882E012FF1002AC2AE /* TranslatorClient.swift in Sources */,
				2FA664AEECDE41298DD84A9E /* TriggerManager.swift in Sources */,
				699EE3F2FC6540FCA65332A7 /* JavaScriptManager.swift in Sources */,
				2369A0760EA64CA18E875A83 /* StreamBuffer.swift in Sources */,
				98AA1C8369C74BEAA4D3EB3B /* PerformanceTelemetry.swift in Sources */,
				ed2bfef479fe4bcc89443344 /* ErrorNotificationManager.swift in Sources */,
				9BE4ED822E012FF1002AC2AE /* TranslationMenuWindow.swift in Sources */,
				9BE4ED8A2E012FF1002AC2AE /* TranslateAgent.swift in Sources */,
				9BE4ED862E012FF1002AC2AE /* AXController.swift in Sources */,
				9BE4ED812E012FF1002AC2AE /* InputMonitor.swift in Sources */,
				608349432E18F981008EBB87 /* SimpleMemoryManager.swift in Sources */,
				9BE4ED832E012FF1002AC2AE /* TranslationStatusWindow.swift in Sources */,
				60B4B7912E0BA3D800A08883 /* UserManager.swift in Sources */,
				602693092E2E09A50046465E /* SelectEventManager.swift in Sources */,
				60B4B7922E0BA3D800A08883 /* EnvironmentManager.swift in Sources */,
				60366E7E2E41F815005AE609 /* WeChatMessagesProcessor.swift in Sources */,
				60366E7F2E41F815005AE609 /* WhatsAppMessagesProcessor.swift in Sources */,
				60366E802E41F815005AE609 /* ChatMessagesProcessor.swift in Sources */,
				60366E812E41F815005AE609 /* ChatMessagesUtil.swift in Sources */,
				60366E782E40830C005AE609 /* GloteraLogoBar.swift in Sources */,
				60B4B7942E0BA3D800A08884 /* SessionManager.swift in Sources */,
				60B4B7952E0BA3D800A08885 /* DatabaseManager.swift in Sources */,
				9BE4ED902E012FF1002AC2AE /* UpdateManager.swift in Sources */,
				CH4TTR4NSL4T10NW1ND0W123 /* ChatTranslationWindow.swift in Sources */,
				CH4TTR4NSL4T10NM4N4G3R789 /* ChatTranslationManager.swift in Sources */,
			);
			runOnlyForDeploymentPostprocessing = 0;
		};
		9BE4ED4F2E012FC5002AC2AE /* Sources */ = {
			isa = PBXSourcesBuildPhase;
			buildActionMask = 2147483647;
			files = (
				9BE4ED582E012FC5002AC2AE /* desktopTests.swift in Sources */,
			);
			runOnlyForDeploymentPostprocessing = 0;
		};
		9BE4ED592E012FC5002AC2AE /* Sources */ = {
			isa = PBXSourcesBuildPhase;
			buildActionMask = 2147483647;
			files = (
				9BE4ED622E012FC5002AC2AE /* desktopUITests.swift in Sources */,
				9BE4ED642E012FC5002AC2AE /* desktopUITestsLaunchTests.swift in Sources */,
			);
			runOnlyForDeploymentPostprocessing = 0;
		};
/* End PBXSourcesBuildPhase section */

/* Begin PBXTargetDependency section */
		9BE4ED552E012FC5002AC2AE /* PBXTargetDependency */ = {
			isa = PBXTargetDependency;
			target = 9BE4ED412E012FC2002AC2AE /* desktop */;
			targetProxy = 9BE4ED542E012FC5002AC2AE /* PBXContainerItemProxy */;
		};
		9BE4ED5F2E012FC5002AC2AE /* PBXTargetDependency */ = {
			isa = PBXTargetDependency;
			target = 9BE4ED412E012FC2002AC2AE /* desktop */;
			targetProxy = 9BE4ED5E2E012FC5002AC2AE /* PBXContainerItemProxy */;
		};
		9BE7A4E22E04662100AF7361 /* PBXTargetDependency */ = {
			isa = PBXTargetDependency;
			target = 9BE4ED412E012FC2002AC2AE /* desktop */;
			targetProxy = 9BE7A4E12E04662100AF7361 /* PBXContainerItemProxy */;
		};
/* End PBXTargetDependency section */

/* Begin XCBuildConfiguration section */
		9BE4ED652E012FC5002AC2AE /* Debug */ = {
			isa = XCBuildConfiguration;
			buildSettings = {
				ALWAYS_SEARCH_USER_PATHS = NO;
				ASSETCATALOG_COMPILER_GENERATE_SWIFT_ASSET_SYMBOL_EXTENSIONS = YES;
				CLANG_ANALYZER_NONNULL = YES;
				CLANG_ANALYZER_NUMBER_OBJECT_CONVERSION = YES_AGGRESSIVE;
				CLANG_CXX_LANGUAGE_STANDARD = "gnu++20";
				CLANG_ENABLE_MODULES = YES;
				CLANG_ENABLE_OBJC_ARC = YES;
				CLANG_ENABLE_OBJC_WEAK = YES;
				CLANG_WARN_BLOCK_CAPTURE_AUTORELEASING = YES;
				CLANG_WARN_BOOL_CONVERSION = YES;
				CLANG_WARN_COMMA = YES;
				CLANG_WARN_CONSTANT_CONVERSION = YES;
				CLANG_WARN_DEPRECATED_OBJC_IMPLEMENTATIONS = YES;
				CLANG_WARN_DIRECT_OBJC_ISA_USAGE = YES_ERROR;
				CLANG_WARN_DOCUMENTATION_COMMENTS = YES;
				CLANG_WARN_EMPTY_BODY = YES;
				CLANG_WARN_ENUM_CONVERSION = YES;
				CLANG_WARN_INFINITE_RECURSION = YES;
				CLANG_WARN_INT_CONVERSION = YES;
				CLANG_WARN_NON_LITERAL_NULL_CONVERSION = YES;
				CLANG_WARN_OBJC_IMPLICIT_RETAIN_SELF = YES;
				CLANG_WARN_OBJC_LITERAL_CONVERSION = YES;
				CLANG_WARN_OBJC_ROOT_CLASS = YES_ERROR;
				CLANG_WARN_QUOTED_INCLUDE_IN_FRAMEWORK_HEADER = YES;
				CLANG_WARN_RANGE_LOOP_ANALYSIS = YES;
				CLANG_WARN_STRICT_PROTOTYPES = YES;
				CLANG_WARN_SUSPICIOUS_MOVE = YES;
				CLANG_WARN_UNGUARDED_AVAILABILITY = YES_AGGRESSIVE;
				CLANG_WARN_UNREACHABLE_CODE = YES;
				CLANG_WARN__DUPLICATE_METHOD_MATCH = YES;
				COPY_PHASE_STRIP = NO;
				DEBUG_INFORMATION_FORMAT = dwarf;
				ENABLE_STRICT_OBJC_MSGSEND = YES;
				ENABLE_TESTABILITY = YES;
				ENABLE_USER_SCRIPT_SANDBOXING = NO;
				GCC_C_LANGUAGE_STANDARD = gnu17;
				GCC_DYNAMIC_NO_PIC = NO;
				GCC_NO_COMMON_BLOCKS = YES;
				GCC_OPTIMIZATION_LEVEL = 0;
				GCC_PREPROCESSOR_DEFINITIONS = (
					"DEBUG=1",
					"$(inherited)",
				);
				GCC_WARN_64_TO_32_BIT_CONVERSION = YES;
				GCC_WARN_ABOUT_RETURN_TYPE = YES_ERROR;
				GCC_WARN_UNDECLARED_SELECTOR = YES;
				GCC_WARN_UNINITIALIZED_AUTOS = YES_AGGRESSIVE;
				GCC_WARN_UNUSED_FUNCTION = YES;
				GCC_WARN_UNUSED_VARIABLE = YES;
				LOCALIZATION_PREFERS_STRING_CATALOGS = YES;
				MACOSX_DEPLOYMENT_TARGET = 13.0;
				MTL_ENABLE_DEBUG_INFO = INCLUDE_SOURCE;
				MTL_FAST_MATH = YES;
				ONLY_ACTIVE_ARCH = YES;
				SDKROOT = macosx;
				SWIFT_ACTIVE_COMPILATION_CONDITIONS = "DEBUG $(inherited)";
				SWIFT_OPTIMIZATION_LEVEL = "-Onone";
			};
			name = Debug;
		};
		9BE4ED662E012FC5002AC2AE /* Release */ = {
			isa = XCBuildConfiguration;
			buildSettings = {
				ALWAYS_SEARCH_USER_PATHS = NO;
				ASSETCATALOG_COMPILER_GENERATE_SWIFT_ASSET_SYMBOL_EXTENSIONS = YES;
				CLANG_ANALYZER_NONNULL = YES;
				CLANG_ANALYZER_NUMBER_OBJECT_CONVERSION = YES_AGGRESSIVE;
				CLANG_CXX_LANGUAGE_STANDARD = "gnu++20";
				CLANG_ENABLE_MODULES = YES;
				CLANG_ENABLE_OBJC_ARC = YES;
				CLANG_ENABLE_OBJC_WEAK = YES;
				CLANG_WARN_BLOCK_CAPTURE_AUTORELEASING = YES;
				CLANG_WARN_BOOL_CONVERSION = YES;
				CLANG_WARN_COMMA = YES;
				CLANG_WARN_CONSTANT_CONVERSION = YES;
				CLANG_WARN_DEPRECATED_OBJC_IMPLEMENTATIONS = YES;
				CLANG_WARN_DIRECT_OBJC_ISA_USAGE = YES_ERROR;
				CLANG_WARN_DOCUMENTATION_COMMENTS = YES;
				CLANG_WARN_EMPTY_BODY = YES;
				CLANG_WARN_ENUM_CONVERSION = YES;
				CLANG_WARN_INFINITE_RECURSION = YES;
				CLANG_WARN_INT_CONVERSION = YES;
				CLANG_WARN_NON_LITERAL_NULL_CONVERSION = YES;
				CLANG_WARN_OBJC_IMPLICIT_RETAIN_SELF = YES;
				CLANG_WARN_OBJC_LITERAL_CONVERSION = YES;
				CLANG_WARN_OBJC_ROOT_CLASS = YES_ERROR;
				CLANG_WARN_QUOTED_INCLUDE_IN_FRAMEWORK_HEADER = YES;
				CLANG_WARN_RANGE_LOOP_ANALYSIS = YES;
				CLANG_WARN_STRICT_PROTOTYPES = YES;
				CLANG_WARN_SUSPICIOUS_MOVE = YES;
				CLANG_WARN_UNGUARDED_AVAILABILITY = YES_AGGRESSIVE;
				CLANG_WARN_UNREACHABLE_CODE = YES;
				CLANG_WARN__DUPLICATE_METHOD_MATCH = YES;
				COPY_PHASE_STRIP = NO;
				DEBUG_INFORMATION_FORMAT = "dwarf-with-dsym";
				ENABLE_NS_ASSERTIONS = NO;
				ENABLE_STRICT_OBJC_MSGSEND = YES;
				ENABLE_USER_SCRIPT_SANDBOXING = NO;
				GCC_C_LANGUAGE_STANDARD = gnu17;
				GCC_NO_COMMON_BLOCKS = YES;
				GCC_WARN_64_TO_32_BIT_CONVERSION = YES;
				GCC_WARN_ABOUT_RETURN_TYPE = YES_ERROR;
				GCC_WARN_UNDECLARED_SELECTOR = YES;
				GCC_WARN_UNINITIALIZED_AUTOS = YES_AGGRESSIVE;
				GCC_WARN_UNUSED_FUNCTION = YES;
				GCC_WARN_UNUSED_VARIABLE = YES;
				LOCALIZATION_PREFERS_STRING_CATALOGS = YES;
				MACOSX_DEPLOYMENT_TARGET = 13.0;
				MTL_ENABLE_DEBUG_INFO = NO;
				MTL_FAST_MATH = YES;
				SDKROOT = macosx;
				SWIFT_COMPILATION_MODE = wholemodule;
			};
			name = Release;
		};
		9BE4ED682E012FC5002AC2AE /* Debug */ = {
			isa = XCBuildConfiguration;
			buildSettings = {
				ASSETCATALOG_COMPILER_APPICON_NAME = AppIcon;
				ASSETCATALOG_COMPILER_GLOBAL_ACCENT_COLOR_NAME = AccentColor;
				CODE_SIGN_ENTITLEMENTS = desktop/desktop.entitlements;
				"CODE_SIGN_IDENTITY[sdk=macosx*]" = "Apple Development";
				CODE_SIGN_STYLE = Automatic;
				COMBINE_HIDPI_IMAGES = YES;
				CURRENT_PROJECT_VERSION = 2025070701;
				DEVELOPMENT_TEAM = 6Q3GB859VC;
				ENABLE_HARDENED_RUNTIME = YES;
				ENABLE_PREVIEWS = YES;
				GENERATE_INFOPLIST_FILE = YES;
				INFOPLIST_FILE = "$(SRCROOT)/desktop/Info.plist";
				INFOPLIST_KEY_CFBundleDisplayName = Glotera;
				INFOPLIST_KEY_LSApplicationCategoryType = "public.app-category.productivity";
				INFOPLIST_KEY_LSUIElement = YES;
				LD_RUNPATH_SEARCH_PATHS = (
					"$(inherited)",
					"@executable_path/../Frameworks",
				);
				MACOSX_DEPLOYMENT_TARGET = 13.0;
				MARKETING_VERSION = 0.2.0;
				PRODUCT_BUNDLE_IDENTIFIER = ai.glotera.desktop;
				PRODUCT_NAME = Glotera;
				SWIFT_EMIT_LOC_STRINGS = YES;
				SWIFT_VERSION = 5.0;
			};
			name = Debug;
		};
		9BE4ED692E012FC5002AC2AE /* Release */ = {
			isa = XCBuildConfiguration;
			buildSettings = {
				ASSETCATALOG_COMPILER_APPICON_NAME = AppIcon;
				ASSETCATALOG_COMPILER_GLOBAL_ACCENT_COLOR_NAME = AccentColor;
				CODE_SIGN_ENTITLEMENTS = desktop/desktop.entitlements;
				"CODE_SIGN_IDENTITY[sdk=macosx*]" = "Apple Development";
				CODE_SIGN_STYLE = Automatic;
				COMBINE_HIDPI_IMAGES = YES;
				CURRENT_PROJECT_VERSION = 2025070701;
				DEVELOPMENT_TEAM = 6Q3GB859VC;
				ENABLE_HARDENED_RUNTIME = YES;
				ENABLE_PREVIEWS = YES;
				GENERATE_INFOPLIST_FILE = YES;
				INFOPLIST_FILE = "$(SRCROOT)/desktop/Info.plist";
				INFOPLIST_KEY_CFBundleDisplayName = Glotera;
				INFOPLIST_KEY_LSApplicationCategoryType = "public.app-category.productivity";
				INFOPLIST_KEY_LSUIElement = YES;
				LD_RUNPATH_SEARCH_PATHS = (
					"$(inherited)",
					"@executable_path/../Frameworks",
				);
				MACOSX_DEPLOYMENT_TARGET = 13.0;
				MARKETING_VERSION = 0.2.0;
				PRODUCT_BUNDLE_IDENTIFIER = ai.glotera.desktop;
				PRODUCT_NAME = Glotera;
				SWIFT_EMIT_LOC_STRINGS = YES;
				SWIFT_VERSION = 5.0;
			};
			name = Release;
		};
		9BE4ED6B2E012FC5002AC2AE /* Debug */ = {
			isa = XCBuildConfiguration;
			buildSettings = {
				ALWAYS_EMBED_SWIFT_STANDARD_LIBRARIES = YES;
				BUNDLE_LOADER = "$(TEST_HOST)";
				CODE_SIGN_STYLE = Automatic;
				CURRENT_PROJECT_VERSION = 1;
				DEVELOPMENT_TEAM = 6Q3GB859VC;
				GENERATE_INFOPLIST_FILE = YES;
				MACOSX_DEPLOYMENT_TARGET = 13.5;
				MARKETING_VERSION = 1.0;
				PRODUCT_BUNDLE_IDENTIFIER = ai.glotera.desktopTests;
				PRODUCT_NAME = "$(TARGET_NAME)";
				SWIFT_EMIT_LOC_STRINGS = NO;
				SWIFT_VERSION = 5.0;
				TEST_HOST = "$(BUILT_PRODUCTS_DIR)/Glotera.app/$(BUNDLE_EXECUTABLE_FOLDER_PATH)/Glotera";
			};
			name = Debug;
		};
		9BE4ED6C2E012FC5002AC2AE /* Release */ = {
			isa = XCBuildConfiguration;
			buildSettings = {
				ALWAYS_EMBED_SWIFT_STANDARD_LIBRARIES = YES;
				BUNDLE_LOADER = "$(TEST_HOST)";
				CODE_SIGN_STYLE = Automatic;
				CURRENT_PROJECT_VERSION = 1;
				DEVELOPMENT_TEAM = 6Q3GB859VC;
				GENERATE_INFOPLIST_FILE = YES;
				MACOSX_DEPLOYMENT_TARGET = 13.5;
				MARKETING_VERSION = 1.0;
				PRODUCT_BUNDLE_IDENTIFIER = ai.glotera.desktopTests;
				PRODUCT_NAME = "$(TARGET_NAME)";
				SWIFT_EMIT_LOC_STRINGS = NO;
				SWIFT_VERSION = 5.0;
				TEST_HOST = "$(BUILT_PRODUCTS_DIR)/Glotera.app/$(BUNDLE_EXECUTABLE_FOLDER_PATH)/Glotera";
			};
			name = Release;
		};
		9BE4ED6E2E012FC5002AC2AE /* Debug */ = {
			isa = XCBuildConfiguration;
			buildSettings = {
				ALWAYS_EMBED_SWIFT_STANDARD_LIBRARIES = YES;
				CODE_SIGN_STYLE = Automatic;
				CURRENT_PROJECT_VERSION = 1;
				DEVELOPMENT_TEAM = 6Q3GB859VC;
				GENERATE_INFOPLIST_FILE = YES;
				MARKETING_VERSION = 1.0;
				PRODUCT_BUNDLE_IDENTIFIER = ai.glotera.desktopUITests;
				PRODUCT_NAME = "$(TARGET_NAME)";
				SWIFT_EMIT_LOC_STRINGS = NO;
				SWIFT_VERSION = 5.0;
				TEST_TARGET_NAME = desktop;
			};
			name = Debug;
		};
		9BE4ED6F2E012FC5002AC2AE /* Release */ = {
			isa = XCBuildConfiguration;
			buildSettings = {
				ALWAYS_EMBED_SWIFT_STANDARD_LIBRARIES = YES;
				CODE_SIGN_STYLE = Automatic;
				CURRENT_PROJECT_VERSION = 1;
				DEVELOPMENT_TEAM = 6Q3GB859VC;
				GENERATE_INFOPLIST_FILE = YES;
				MARKETING_VERSION = 1.0;
				PRODUCT_BUNDLE_IDENTIFIER = ai.glotera.desktopUITests;
				PRODUCT_NAME = "$(TARGET_NAME)";
				SWIFT_EMIT_LOC_STRINGS = NO;
				SWIFT_VERSION = 5.0;
				TEST_TARGET_NAME = desktop;
			};
			name = Release;
		};
		9BE7A4DF2E04661500AF7361 /* Debug */ = {
			isa = XCBuildConfiguration;
			buildSettings = {
				CODE_SIGN_STYLE = Automatic;
				DEVELOPMENT_TEAM = R3F7G5M76J;
				PRODUCT_NAME = "$(TARGET_NAME)";
			};
			name = Debug;
		};
		9BE7A4E02E04661500AF7361 /* Release */ = {
			isa = XCBuildConfiguration;
			buildSettings = {
				CODE_SIGN_STYLE = Automatic;
				DEVELOPMENT_TEAM = R3F7G5M76J;
				PRODUCT_NAME = "$(TARGET_NAME)";
			};
			name = Release;
		};
/* End XCBuildConfiguration section */

/* Begin XCConfigurationList section */
		9BE4ED3D2E012FC2002AC2AE /* Build configuration list for PBXProject "desktop" */ = {
			isa = XCConfigurationList;
			buildConfigurations = (
				9BE4ED652E012FC5002AC2AE /* Debug */,
				9BE4ED662E012FC5002AC2AE /* Release */,
			);
			defaultConfigurationIsVisible = 0;
			defaultConfigurationName = Release;
		};
		9BE4ED672E012FC5002AC2AE /* Build configuration list for PBXNativeTarget "desktop" */ = {
			isa = XCConfigurationList;
			buildConfigurations = (
				9BE4ED682E012FC5002AC2AE /* Debug */,
				9BE4ED692E012FC5002AC2AE /* Release */,
			);
			defaultConfigurationIsVisible = 0;
			defaultConfigurationName = Release;
		};
		9BE4ED6A2E012FC5002AC2AE /* Build configuration list for PBXNativeTarget "desktopTests" */ = {
			isa = XCConfigurationList;
			buildConfigurations = (
				9BE4ED6B2E012FC5002AC2AE /* Debug */,
				9BE4ED6C2E012FC5002AC2AE /* Release */,
			);
			defaultConfigurationIsVisible = 0;
			defaultConfigurationName = Release;
		};
		9BE4ED6D2E012FC5002AC2AE /* Build configuration list for PBXNativeTarget "desktopUITests" */ = {
			isa = XCConfigurationList;
			buildConfigurations = (
				9BE4ED6E2E012FC5002AC2AE /* Debug */,
				9BE4ED6F2E012FC5002AC2AE /* Release */,
			);
			defaultConfigurationIsVisible = 0;
			defaultConfigurationName = Release;
		};
		9BE7A4DE2E04661500AF7361 /* Build configuration list for PBXAggregateTarget "deployToLocal" */ = {
			isa = XCConfigurationList;
			buildConfigurations = (
				9BE7A4DF2E04661500AF7361 /* Debug */,
				9BE7A4E02E04661500AF7361 /* Release */,
			);
			defaultConfigurationIsVisible = 0;
			defaultConfigurationName = Release;
		};
/* End XCConfigurationList section */

/* Begin XCRemoteSwiftPackageReference section */
		60B4B7962E16741300A08883 /* XCRemoteSwiftPackageReference "Sparkle" */ = {
			isa = XCRemoteSwiftPackageReference;
			repositoryURL = "https://github.com/sparkle-project/Sparkle";
			requirement = {
				kind = upToNextMajorVersion;
				minimumVersion = 2.7.1;
			};
		};
/* End XCRemoteSwiftPackageReference section */

/* Begin XCSwiftPackageProductDependency section */
		608349322E16ACC2008EBB87 /* Sparkle */ = {
			isa = XCSwiftPackageProductDependency;
			package = 60B4B7962E16741300A08883 /* XCRemoteSwiftPackageReference "Sparkle" */;
			productName = Sparkle;
		};
/* End XCSwiftPackageProductDependency section */
	};
	rootObject = 9BE4ED3A2E012FC2002AC2AE /* Project object */;
}
